<Solution>
  <Folder Name="/src/">
    <Project Path="src/YouTracker.Core/YouTracker.Core.csproj" />
    <Project Path="src/YouTracker.Infrastructure.Anthropic/YouTracker.Infrastructure.Anthropic.csproj" />
    <Project Path="src/YouTracker.Infrastructure.Storage/YouTracker.Infrastructure.Storage.csproj" />
    <Project Path="src/YouTracker.Infrastructure.YouTrack/YouTracker.Infrastructure.YouTrack.csproj" />
    <Project Path="src/YouTracker.Tui/YouTracker.Tui.csproj" />
  </Folder>
  <Folder Name="/tests/">
    <Project Path="tests/YouTracker.Core.Tests/YouTracker.Core.Tests.csproj" />
  </Folder>
</Solution>
